
Microsoft Visual Studio Solution File, Format Version 12.00
# Visual Studio 15
VisualStudioVersion = 15.0.28307.106
MinimumVisualStudioVersion = 10.0.40219.1
Project("{9A19103F-16F7-4668-BE54-9A1E7A4F7556}") = "JavaScriptEngineSwitcher.ChakraCore.Ext", "src\JavaScriptEngineSwitcher.ChakraCore.Ext\JavaScriptEngineSwitcher.ChakraCore.Ext.csproj", "{D5CCE34B-5BF3-4514-ADC8-B4B18BFA6D11}"
EndProject
Project("{9A19103F-16F7-4668-BE54-9A1E7A4F7556}") = "ZeroReact", "src\ZeroReact\ZeroReact.csproj", "{8F13F99D-8EC5-476B-84C4-2189148E4238}"
EndProject
Project("{9A19103F-16F7-4668-BE54-9A1E7A4F7556}") = "JavaScriptEngineSwitcher.Tests", "tests\JavaScriptEngineSwitcher.Tests\JavaScriptEngineSwitcher.Tests.csproj", "{9437564B-DEBA-4E40-8A8E-E68C3F12CFBD}"
EndProject
Project("{FAE04EC0-301F-11D3-BF4B-00C04F79EFBC}") = "ZeroReact.Benchmarks", "tests\ZeroReact.Benchmarks\ZeroReact.Benchmarks.csproj", "{CE520411-C5CD-4EFF-B2CD-DA2844D30485}"
EndProject
Project("{9A19103F-16F7-4668-BE54-9A1E7A4F7556}") = "ZeroReact.AspNetCore", "src\ZeroReact.AspNetCore\ZeroReact.AspNetCore.csproj", "{18F0E608-E3E1-4DD8-B65E-070AFA924F54}"
EndProject
Global
	GlobalSection(SolutionConfigurationPlatforms) = preSolution
		Debug|Any CPU = Debug|Any CPU
		Release|Any CPU = Release|Any CPU
	EndGlobalSection
	GlobalSection(ProjectConfigurationPlatforms) = postSolution
		{D5CCE34B-5BF3-4514-ADC8-B4B18BFA6D11}.Debug|Any CPU.ActiveCfg = Debug|Any CPU
		{D5CCE34B-5BF3-4514-ADC8-B4B18BFA6D11}.Debug|Any CPU.Build.0 = Debug|Any CPU
		{D5CCE34B-5BF3-4514-ADC8-B4B18BFA6D11}.Release|Any CPU.ActiveCfg = Release|Any CPU
		{D5CCE34B-5BF3-4514-ADC8-B4B18BFA6D11}.Release|Any CPU.Build.0 = Release|Any CPU
		{8F13F99D-8EC5-476B-84C4-2189148E4238}.Debug|Any CPU.ActiveCfg = Debug|Any CPU
		{8F13F99D-8EC5-476B-84C4-2189148E4238}.Debug|Any CPU.Build.0 = Debug|Any CPU
		{8F13F99D-8EC5-476B-84C4-2189148E4238}.Release|Any CPU.ActiveCfg = Release|Any CPU
		{8F13F99D-8EC5-476B-84C4-2189148E4238}.Release|Any CPU.Build.0 = Release|Any CPU
		{9437564B-DEBA-4E40-8A8E-E68C3F12CFBD}.Debug|Any CPU.ActiveCfg = Debug|Any CPU
		{9437564B-DEBA-4E40-8A8E-E68C3F12CFBD}.Debug|Any CPU.Build.0 = Debug|Any CPU
		{9437564B-DEBA-4E40-8A8E-E68C3F12CFBD}.Release|Any CPU.ActiveCfg = Release|Any CPU
		{9437564B-DEBA-4E40-8A8E-E68C3F12CFBD}.Release|Any CPU.Build.0 = Release|Any CPU
		{CE520411-C5CD-4EFF-B2CD-DA2844D30485}.Debug|Any CPU.ActiveCfg = Debug|Any CPU
		{CE520411-C5CD-4EFF-B2CD-DA2844D30485}.Debug|Any CPU.Build.0 = Debug|Any CPU
		{CE520411-C5CD-4EFF-B2CD-DA2844D30485}.Release|Any CPU.ActiveCfg = Release|Any CPU
		{CE520411-C5CD-4EFF-B2CD-DA2844D30485}.Release|Any CPU.Build.0 = Release|Any CPU
		{18F0E608-E3E1-4DD8-B65E-070AFA924F54}.Debug|Any CPU.ActiveCfg = Debug|Any CPU
		{18F0E608-E3E1-4DD8-B65E-070AFA924F54}.Debug|Any CPU.Build.0 = Debug|Any CPU
		{18F0E608-E3E1-4DD8-B65E-070AFA924F54}.Release|Any CPU.ActiveCfg = Release|Any CPU
		{18F0E608-E3E1-4DD8-B65E-070AFA924F54}.Release|Any CPU.Build.0 = Release|Any CPU
	EndGlobalSection
	GlobalSection(SolutionProperties) = preSolution
		HideSolutionNode = FALSE
	EndGlobalSection
	GlobalSection(ExtensibilityGlobals) = postSolution
		SolutionGuid = {FB29987B-D36C-4E89-A25D-224AE2CE7304}
	EndGlobalSection
EndGlobal
